
Microsoft Visual Studio Solution File, Format Version 12.00
# Visual Studio Version 17
VisualStudioVersion = 17.10.35013.160
MinimumVisualStudioVersion = 10.0.40219.1
Project("{8BC9CEB8-8B4A-11D0-8D11-00A0C91BC942}") = "shared", "shared\shared.vcxitems", "{D5DE4F35-7C4E-4D93-BF43-EBC60A76067C}"
EndProject
Project("{8BC9CEB8-8B4A-11D0-8D11-00A0C91BC942}") = "LiMgmtLpu230", "LiMgmtLpu230\LiMgmtLpu230.vcxproj", "{6B17D883-2AEE-4BE2-AC8D-EFAE00938E66}"
	ProjectSection(ProjectDependencies) = postProject
		{1CFCC246-AB9A-485F-A137-32890224B635} = {1CFCC246-AB9A-485F-A137-32890224B635}
	EndProjectSection
EndProject
Project("{8BC9CEB8-8B4A-11D0-8D11-00A0C91BC942}") = "WiMgmtLpu230", "WiMgmtLpu230\WiMgmtLpu230.vcxproj", "{015CC105-7643-4B2C-AB6E-30DFF39B8178}"
	ProjectSection(ProjectDependencies) = postProject
		{D67B1496-AD00-49D1-88D9-A1D0E20C513D} = {D67B1496-AD00-49D1-88D9-A1D0E20C513D}
	EndProjectSection
EndProject
Project("{8BC9CEB8-8B4A-11D0-8D11-00A0C91BC942}") = "LiElpuskHidDaemon", "LiElpuskHidDaemon\LiElpuskHidDaemon.vcxproj", "{1CFCC246-AB9A-485F-A137-32890224B635}"
EndProject
Project("{8BC9CEB8-8B4A-11D0-8D11-00A0C91BC942}") = "WiElpuskHidDaemon", "WiElpuskHidDaemon\WiElpuskHidDaemon.vcxproj", "{D67B1496-AD00-49D1-88D9-A1D0E20C513D}"
EndProject
Project("{2150E333-8FDC-42A3-9474-1A3956D46DE8}") = "clients", "clients", "{34346493-CB8D-4E01-9792-E891C90835F2}"
EndProject
Project("{8BC9CEB8-8B4A-11D0-8D11-00A0C91BC942}") = "wi_lpu237_dll", "wi_lpu237_dll\wi_lpu237_dll.vcxproj", "{8C939C11-693B-4AE5-901F-56749442D6E0}"
EndProject
Project("{8BC9CEB8-8B4A-11D0-8D11-00A0C91BC942}") = "li_lpu237_dll", "li_lpu237_dll\li_lpu237_dll.vcxproj", "{4BE6BA6E-4B98-4530-93B4-7EB01B19F009}"
EndProject
Project("{2150E333-8FDC-42A3-9474-1A3956D46DE8}") = "server", "server", "{86E4623B-856F-44BA-B086-A0EC3E563E48}"
EndProject
Project("{2150E333-8FDC-42A3-9474-1A3956D46DE8}") = "test_lpu237", "test_lpu237", "{24EC6C29-6F90-48B0-92E5-72B2EDD1EB70}"
EndProject
Project("{8BC9CEB8-8B4A-11D0-8D11-00A0C91BC942}") = "tp_wi_lpu237", "tp_wi_lpu237\tp_wi_lpu237.vcxproj", "{C017FBDF-D47E-40B8-8770-1255E00BBFE6}"
	ProjectSection(ProjectDependencies) = postProject
		{8C939C11-693B-4AE5-901F-56749442D6E0} = {8C939C11-693B-4AE5-901F-56749442D6E0}
	EndProjectSection
EndProject
Project("{8BC9CEB8-8B4A-11D0-8D11-00A0C91BC942}") = "tp_li_lpu237", "tp_li_lpu237\tp_li_lpu237.vcxproj", "{A494BFCA-3EB1-455C-82B3-1291A9F8BF90}"
	ProjectSection(ProjectDependencies) = postProject
		{4BE6BA6E-4B98-4530-93B4-7EB01B19F009} = {4BE6BA6E-4B98-4530-93B4-7EB01B19F009}
	EndProjectSection
EndProject
Project("{2150E333-8FDC-42A3-9474-1A3956D46DE8}") = "test_lib", "test_lib", "{11B70C7B-8D49-45EB-BCF9-CE15D930BC0E}"
EndProject
Project("{2150E333-8FDC-42A3-9474-1A3956D46DE8}") = "installer", "installer", "{BC62AC6A-6EE0-4F7D-873A-42D522C4A08E}"
EndProject
Project("{8BC9CEB8-8B4A-11D0-8D11-00A0C91BC942}") = "LiInst-coffee_manager", "LiInst-coffee_manager\LiInst-coffee_manager.vcxproj", "{C5A7CAA2-8CBA-4E56-BB6D-F68341384D10}"
EndProject
Project("{8BC9CEB8-8B4A-11D0-8D11-00A0C91BC942}") = "wi_lpu237_ibutton", "wi_lpu237_ibutton\wi_lpu237_ibutton.vcxproj", "{ADD3E8B5-98B6-4071-AF74-DAC9DDBA46EC}"
EndProject
Project("{8BC9CEB8-8B4A-11D0-8D11-00A0C91BC942}") = "li_lpu237_ibutton", "li_lpu237_ibutton\li_lpu237_ibutton.vcxproj", "{B0FD3AEA-FA32-41D1-B874-E0398842F2A5}"
EndProject
Project("{930C7802-8A8C-48F9-8165-68863BCCD9DD}") = "WiInst-coffee_manager", "WiInst-coffee_manager\WiInst-coffee_manager.wixproj", "{4FF4CD68-189F-4C6B-8532-B7A9ADF0D63B}"
EndProject
Project("{2150E333-8FDC-42A3-9474-1A3956D46DE8}") = "service", "service", "{02EA681E-C7D8-13C7-8484-4AC65E1B71E8}"
EndProject
Project("{8BC9CEB8-8B4A-11D0-8D11-00A0C91BC942}") = "wi_coffee_service", "wi_coffee_service\wi_coffee_service.vcxproj", "{4B27DAC8-BDDA-42D9-8C2B-7B5D82B7DF02}"
EndProject
Project("{2150E333-8FDC-42A3-9474-1A3956D46DE8}") = "test_ibutton", "test_ibutton", "{3CC62FF9-DDDC-44B3-A5CC-D5D762562A6F}"
EndProject
Project("{2150E333-8FDC-42A3-9474-1A3956D46DE8}") = "rom", "rom", "{FCA78A4C-48DC-4C34-8800-F78A1E472F5E}"
EndProject
Project("{8BC9CEB8-8B4A-11D0-8D11-00A0C91BC942}") = "wi_rom", "wi_rom\wi_rom.vcxproj", "{42AC4B6E-75A9-4AA0-A5E2-08127F07818C}"
EndProject
Project("{8BC9CEB8-8B4A-11D0-8D11-00A0C91BC942}") = "li_rom", "li_rom\li_rom.vcxproj", "{9A319538-E111-4E23-9BE8-58BAF77A4DA4}"
EndProject
Global
	GlobalSection(SolutionConfigurationPlatforms) = preSolution
		Debug|ARM = Debug|ARM
		Debug|ARM64 = Debug|ARM64
		Debug|x64 = Debug|x64
		Debug|x86 = Debug|x86
		Release|ARM = Release|ARM
		Release|ARM64 = Release|ARM64
		Release|x64 = Release|x64
		Release|x86 = Release|x86
	EndGlobalSection
	GlobalSection(ProjectConfigurationPlatforms) = postSolution
		{6B17D883-2AEE-4BE2-AC8D-EFAE00938E66}.Debug|ARM.ActiveCfg = Debug|ARM
		{6B17D883-2AEE-4BE2-AC8D-EFAE00938E66}.Debug|ARM.Build.0 = Debug|ARM
		{6B17D883-2AEE-4BE2-AC8D-EFAE00938E66}.Debug|ARM.Deploy.0 = Debug|ARM
		{6B17D883-2AEE-4BE2-AC8D-EFAE00938E66}.Debug|ARM64.ActiveCfg = Debug|ARM64
		{6B17D883-2AEE-4BE2-AC8D-EFAE00938E66}.Debug|ARM64.Build.0 = Debug|ARM64
		{6B17D883-2AEE-4BE2-AC8D-EFAE00938E66}.Debug|ARM64.Deploy.0 = Debug|ARM64
		{6B17D883-2AEE-4BE2-AC8D-EFAE00938E66}.Debug|x64.ActiveCfg = Debug|x64
		{6B17D883-2AEE-4BE2-AC8D-EFAE00938E66}.Debug|x64.Build.0 = Debug|x64
		{6B17D883-2AEE-4BE2-AC8D-EFAE00938E66}.Debug|x64.Deploy.0 = Debug|x64
		{6B17D883-2AEE-4BE2-AC8D-EFAE00938E66}.Debug|x86.ActiveCfg = Debug|x86
		{6B17D883-2AEE-4BE2-AC8D-EFAE00938E66}.Debug|x86.Build.0 = Debug|x86
		{6B17D883-2AEE-4BE2-AC8D-EFAE00938E66}.Debug|x86.Deploy.0 = Debug|x86
		{6B17D883-2AEE-4BE2-AC8D-EFAE00938E66}.Release|ARM.ActiveCfg = Release|ARM
		{6B17D883-2AEE-4BE2-AC8D-EFAE00938E66}.Release|ARM.Build.0 = Release|ARM
		{6B17D883-2AEE-4BE2-AC8D-EFAE00938E66}.Release|ARM.Deploy.0 = Release|ARM
		{6B17D883-2AEE-4BE2-AC8D-EFAE00938E66}.Release|ARM64.ActiveCfg = Release|ARM64
		{6B17D883-2AEE-4BE2-AC8D-EFAE00938E66}.Release|ARM64.Build.0 = Release|ARM64
		{6B17D883-2AEE-4BE2-AC8D-EFAE00938E66}.Release|ARM64.Deploy.0 = Release|ARM64
		{6B17D883-2AEE-4BE2-AC8D-EFAE00938E66}.Release|x64.ActiveCfg = Release|x64
		{6B17D883-2AEE-4BE2-AC8D-EFAE00938E66}.Release|x64.Build.0 = Release|x64
		{6B17D883-2AEE-4BE2-AC8D-EFAE00938E66}.Release|x64.Deploy.0 = Release|x64
		{6B17D883-2AEE-4BE2-AC8D-EFAE00938E66}.Release|x86.ActiveCfg = Release|x86
		{6B17D883-2AEE-4BE2-AC8D-EFAE00938E66}.Release|x86.Build.0 = Release|x86
		{6B17D883-2AEE-4BE2-AC8D-EFAE00938E66}.Release|x86.Deploy.0 = Release|x86
		{015CC105-7643-4B2C-AB6E-30DFF39B8178}.Debug|ARM.ActiveCfg = Debug|x64
		{015CC105-7643-4B2C-AB6E-30DFF39B8178}.Debug|ARM.Build.0 = Debug|x64
		{015CC105-7643-4B2C-AB6E-30DFF39B8178}.Debug|ARM64.ActiveCfg = Debug|x64
		{015CC105-7643-4B2C-AB6E-30DFF39B8178}.Debug|ARM64.Build.0 = Debug|x64
		{015CC105-7643-4B2C-AB6E-30DFF39B8178}.Debug|x64.ActiveCfg = Debug|x64
		{015CC105-7643-4B2C-AB6E-30DFF39B8178}.Debug|x64.Build.0 = Debug|x64
		{015CC105-7643-4B2C-AB6E-30DFF39B8178}.Debug|x86.ActiveCfg = Debug|Win32
		{015CC105-7643-4B2C-AB6E-30DFF39B8178}.Debug|x86.Build.0 = Debug|Win32
		{015CC105-7643-4B2C-AB6E-30DFF39B8178}.Release|ARM.ActiveCfg = Release|x64
		{015CC105-7643-4B2C-AB6E-30DFF39B8178}.Release|ARM.Build.0 = Release|x64
		{015CC105-7643-4B2C-AB6E-30DFF39B8178}.Release|ARM64.ActiveCfg = Release|x64
		{015CC105-7643-4B2C-AB6E-30DFF39B8178}.Release|ARM64.Build.0 = Release|x64
		{015CC105-7643-4B2C-AB6E-30DFF39B8178}.Release|x64.ActiveCfg = Release|x64
		{015CC105-7643-4B2C-AB6E-30DFF39B8178}.Release|x64.Build.0 = Release|x64
		{015CC105-7643-4B2C-AB6E-30DFF39B8178}.Release|x86.ActiveCfg = Release|Win32
		{015CC105-7643-4B2C-AB6E-30DFF39B8178}.Release|x86.Build.0 = Release|Win32
		{1CFCC246-AB9A-485F-A137-32890224B635}.Debug|ARM.ActiveCfg = Debug|ARM
		{1CFCC246-AB9A-485F-A137-32890224B635}.Debug|ARM.Build.0 = Debug|ARM
		{1CFCC246-AB9A-485F-A137-32890224B635}.Debug|ARM.Deploy.0 = Debug|ARM
		{1CFCC246-AB9A-485F-A137-32890224B635}.Debug|ARM64.ActiveCfg = Debug|ARM64
		{1CFCC246-AB9A-485F-A137-32890224B635}.Debug|ARM64.Build.0 = Debug|ARM64
		{1CFCC246-AB9A-485F-A137-32890224B635}.Debug|ARM64.Deploy.0 = Debug|ARM64
		{1CFCC246-AB9A-485F-A137-32890224B635}.Debug|x64.ActiveCfg = Debug|x64
		{1CFCC246-AB9A-485F-A137-32890224B635}.Debug|x64.Build.0 = Debug|x64
		{1CFCC246-AB9A-485F-A137-32890224B635}.Debug|x64.Deploy.0 = Debug|x64
		{1CFCC246-AB9A-485F-A137-32890224B635}.Debug|x86.ActiveCfg = Debug|x86
		{1CFCC246-AB9A-485F-A137-32890224B635}.Debug|x86.Build.0 = Debug|x86
		{1CFCC246-AB9A-485F-A137-32890224B635}.Debug|x86.Deploy.0 = Debug|x86
		{1CFCC246-AB9A-485F-A137-32890224B635}.Release|ARM.ActiveCfg = Release|ARM
		{1CFCC246-AB9A-485F-A137-32890224B635}.Release|ARM.Build.0 = Release|ARM
		{1CFCC246-AB9A-485F-A137-32890224B635}.Release|ARM.Deploy.0 = Release|ARM
		{1CFCC246-AB9A-485F-A137-32890224B635}.Release|ARM64.ActiveCfg = Release|ARM64
		{1CFCC246-AB9A-485F-A137-32890224B635}.Release|ARM64.Build.0 = Release|ARM64
		{1CFCC246-AB9A-485F-A137-32890224B635}.Release|ARM64.Deploy.0 = Release|ARM64
		{1CFCC246-AB9A-485F-A137-32890224B635}.Release|x64.ActiveCfg = Release|x64
		{1CFCC246-AB9A-485F-A137-32890224B635}.Release|x64.Build.0 = Release|x64
		{1CFCC246-AB9A-485F-A137-32890224B635}.Release|x64.Deploy.0 = Release|x64
		{1CFCC246-AB9A-485F-A137-32890224B635}.Release|x86.ActiveCfg = Release|x86
		{1CFCC246-AB9A-485F-A137-32890224B635}.Release|x86.Build.0 = Release|x86
		{1CFCC246-AB9A-485F-A137-32890224B635}.Release|x86.Deploy.0 = Release|x86
		{D67B1496-AD00-49D1-88D9-A1D0E20C513D}.Debug|ARM.ActiveCfg = Debug|x64
		{D67B1496-AD00-49D1-88D9-A1D0E20C513D}.Debug|ARM.Build.0 = Debug|x64
		{D67B1496-AD00-49D1-88D9-A1D0E20C513D}.Debug|ARM64.ActiveCfg = Debug|x64
		{D67B1496-AD00-49D1-88D9-A1D0E20C513D}.Debug|ARM64.Build.0 = Debug|x64
		{D67B1496-AD00-49D1-88D9-A1D0E20C513D}.Debug|x64.ActiveCfg = Debug|x64
		{D67B1496-AD00-49D1-88D9-A1D0E20C513D}.Debug|x64.Build.0 = Debug|x64
		{D67B1496-AD00-49D1-88D9-A1D0E20C513D}.Debug|x86.ActiveCfg = Debug|Win32
		{D67B1496-AD00-49D1-88D9-A1D0E20C513D}.Debug|x86.Build.0 = Debug|Win32
		{D67B1496-AD00-49D1-88D9-A1D0E20C513D}.Release|ARM.ActiveCfg = Release|x64
		{D67B1496-AD00-49D1-88D9-A1D0E20C513D}.Release|ARM.Build.0 = Release|x64
		{D67B1496-AD00-49D1-88D9-A1D0E20C513D}.Release|ARM64.ActiveCfg = Release|x64
		{D67B1496-AD00-49D1-88D9-A1D0E20C513D}.Release|ARM64.Build.0 = Release|x64
		{D67B1496-AD00-49D1-88D9-A1D0E20C513D}.Release|x64.ActiveCfg = Release|x64
		{D67B1496-AD00-49D1-88D9-A1D0E20C513D}.Release|x64.Build.0 = Release|x64
		{D67B1496-AD00-49D1-88D9-A1D0E20C513D}.Release|x86.ActiveCfg = Release|Win32
		{D67B1496-AD00-49D1-88D9-A1D0E20C513D}.Release|x86.Build.0 = Release|Win32
		{8C939C11-693B-4AE5-901F-56749442D6E0}.Debug|ARM.ActiveCfg = Debug|x64
		{8C939C11-693B-4AE5-901F-56749442D6E0}.Debug|ARM.Build.0 = Debug|x64
		{8C939C11-693B-4AE5-901F-56749442D6E0}.Debug|ARM64.ActiveCfg = Debug|x64
		{8C939C11-693B-4AE5-901F-56749442D6E0}.Debug|ARM64.Build.0 = Debug|x64
		{8C939C11-693B-4AE5-901F-56749442D6E0}.Debug|x64.ActiveCfg = Debug|x64
		{8C939C11-693B-4AE5-901F-56749442D6E0}.Debug|x64.Build.0 = Debug|x64
		{8C939C11-693B-4AE5-901F-56749442D6E0}.Debug|x86.ActiveCfg = Debug|Win32
		{8C939C11-693B-4AE5-901F-56749442D6E0}.Debug|x86.Build.0 = Debug|Win32
		{8C939C11-693B-4AE5-901F-56749442D6E0}.Release|ARM.ActiveCfg = Release|x64
		{8C939C11-693B-4AE5-901F-56749442D6E0}.Release|ARM.Build.0 = Release|x64
		{8C939C11-693B-4AE5-901F-56749442D6E0}.Release|ARM64.ActiveCfg = Release|x64
		{8C939C11-693B-4AE5-901F-56749442D6E0}.Release|ARM64.Build.0 = Release|x64
		{8C939C11-693B-4AE5-901F-56749442D6E0}.Release|x64.ActiveCfg = Release|x64
		{8C939C11-693B-4AE5-901F-56749442D6E0}.Release|x64.Build.0 = Release|x64
		{8C939C11-693B-4AE5-901F-56749442D6E0}.Release|x86.ActiveCfg = Release|Win32
		{8C939C11-693B-4AE5-901F-56749442D6E0}.Release|x86.Build.0 = Release|Win32
		{4BE6BA6E-4B98-4530-93B4-7EB01B19F009}.Debug|ARM.ActiveCfg = Debug|ARM
		{4BE6BA6E-4B98-4530-93B4-7EB01B19F009}.Debug|ARM.Build.0 = Debug|ARM
		{4BE6BA6E-4B98-4530-93B4-7EB01B19F009}.Debug|ARM.Deploy.0 = Debug|ARM
		{4BE6BA6E-4B98-4530-93B4-7EB01B19F009}.Debug|ARM64.ActiveCfg = Debug|ARM64
		{4BE6BA6E-4B98-4530-93B4-7EB01B19F009}.Debug|ARM64.Build.0 = Debug|ARM64
		{4BE6BA6E-4B98-4530-93B4-7EB01B19F009}.Debug|ARM64.Deploy.0 = Debug|ARM64
		{4BE6BA6E-4B98-4530-93B4-7EB01B19F009}.Debug|x64.ActiveCfg = Debug|x64
		{4BE6BA6E-4B98-4530-93B4-7EB01B19F009}.Debug|x64.Build.0 = Debug|x64
		{4BE6BA6E-4B98-4530-93B4-7EB01B19F009}.Debug|x64.Deploy.0 = Debug|x64
		{4BE6BA6E-4B98-4530-93B4-7EB01B19F009}.Debug|x86.ActiveCfg = Debug|x86
		{4BE6BA6E-4B98-4530-93B4-7EB01B19F009}.Debug|x86.Build.0 = Debug|x86
		{4BE6BA6E-4B98-4530-93B4-7EB01B19F009}.Debug|x86.Deploy.0 = Debug|x86
		{4BE6BA6E-4B98-4530-93B4-7EB01B19F009}.Release|ARM.ActiveCfg = Release|ARM
		{4BE6BA6E-4B98-4530-93B4-7EB01B19F009}.Release|ARM.Build.0 = Release|ARM
		{4BE6BA6E-4B98-4530-93B4-7EB01B19F009}.Release|ARM.Deploy.0 = Release|ARM
		{4BE6BA6E-4B98-4530-93B4-7EB01B19F009}.Release|ARM64.ActiveCfg = Release|ARM64
		{4BE6BA6E-4B98-4530-93B4-7EB01B19F009}.Release|ARM64.Build.0 = Release|ARM64
		{4BE6BA6E-4B98-4530-93B4-7EB01B19F009}.Release|ARM64.Deploy.0 = Release|ARM64
		{4BE6BA6E-4B98-4530-93B4-7EB01B19F009}.Release|x64.ActiveCfg = Release|x64
		{4BE6BA6E-4B98-4530-93B4-7EB01B19F009}.Release|x64.Build.0 = Release|x64
		{4BE6BA6E-4B98-4530-93B4-7EB01B19F009}.Release|x64.Deploy.0 = Release|x64
		{4BE6BA6E-4B98-4530-93B4-7EB01B19F009}.Release|x86.ActiveCfg = Release|x86
		{4BE6BA6E-4B98-4530-93B4-7EB01B19F009}.Release|x86.Build.0 = Release|x86
		{4BE6BA6E-4B98-4530-93B4-7EB01B19F009}.Release|x86.Deploy.0 = Release|x86
		{C017FBDF-D47E-40B8-8770-1255E00BBFE6}.Debug|ARM.ActiveCfg = Debug|x64
		{C017FBDF-D47E-40B8-8770-1255E00BBFE6}.Debug|ARM.Build.0 = Debug|x64
		{C017FBDF-D47E-40B8-8770-1255E00BBFE6}.Debug|ARM64.ActiveCfg = Debug|x64
		{C017FBDF-D47E-40B8-8770-1255E00BBFE6}.Debug|ARM64.Build.0 = Debug|x64
		{C017FBDF-D47E-40B8-8770-1255E00BBFE6}.Debug|x64.ActiveCfg = Debug|x64
		{C017FBDF-D47E-40B8-8770-1255E00BBFE6}.Debug|x64.Build.0 = Debug|x64
		{C017FBDF-D47E-40B8-8770-1255E00BBFE6}.Debug|x86.ActiveCfg = Debug|Win32
		{C017FBDF-D47E-40B8-8770-1255E00BBFE6}.Debug|x86.Build.0 = Debug|Win32
		{C017FBDF-D47E-40B8-8770-1255E00BBFE6}.Release|ARM.ActiveCfg = Release|x64
		{C017FBDF-D47E-40B8-8770-1255E00BBFE6}.Release|ARM.Build.0 = Release|x64
		{C017FBDF-D47E-40B8-8770-1255E00BBFE6}.Release|ARM64.ActiveCfg = Release|x64
		{C017FBDF-D47E-40B8-8770-1255E00BBFE6}.Release|ARM64.Build.0 = Release|x64
		{C017FBDF-D47E-40B8-8770-1255E00BBFE6}.Release|x64.ActiveCfg = Release|x64
		{C017FBDF-D47E-40B8-8770-1255E00BBFE6}.Release|x64.Build.0 = Release|x64
		{C017FBDF-D47E-40B8-8770-1255E00BBFE6}.Release|x86.ActiveCfg = Release|Win32
		{C017FBDF-D47E-40B8-8770-1255E00BBFE6}.Release|x86.Build.0 = Release|Win32
		{A494BFCA-3EB1-455C-82B3-1291A9F8BF90}.Debug|ARM.ActiveCfg = Debug|ARM
		{A494BFCA-3EB1-455C-82B3-1291A9F8BF90}.Debug|ARM.Build.0 = Debug|ARM
		{A494BFCA-3EB1-455C-82B3-1291A9F8BF90}.Debug|ARM.Deploy.0 = Debug|ARM
		{A494BFCA-3EB1-455C-82B3-1291A9F8BF90}.Debug|ARM64.ActiveCfg = Debug|ARM64
		{A494BFCA-3EB1-455C-82B3-1291A9F8BF90}.Debug|ARM64.Build.0 = Debug|ARM64
		{A494BFCA-3EB1-455C-82B3-1291A9F8BF90}.Debug|ARM64.Deploy.0 = Debug|ARM64
		{A494BFCA-3EB1-455C-82B3-1291A9F8BF90}.Debug|x64.ActiveCfg = Debug|x64
		{A494BFCA-3EB1-455C-82B3-1291A9F8BF90}.Debug|x64.Build.0 = Debug|x64
		{A494BFCA-3EB1-455C-82B3-1291A9F8BF90}.Debug|x64.Deploy.0 = Debug|x64
		{A494BFCA-3EB1-455C-82B3-1291A9F8BF90}.Debug|x86.ActiveCfg = Debug|x86
		{A494BFCA-3EB1-455C-82B3-1291A9F8BF90}.Debug|x86.Build.0 = Debug|x86
		{A494BFCA-3EB1-455C-82B3-1291A9F8BF90}.Debug|x86.Deploy.0 = Debug|x86
		{A494BFCA-3EB1-455C-82B3-1291A9F8BF90}.Release|ARM.ActiveCfg = Release|ARM
		{A494BFCA-3EB1-455C-82B3-1291A9F8BF90}.Release|ARM.Build.0 = Release|ARM
		{A494BFCA-3EB1-455C-82B3-1291A9F8BF90}.Release|ARM.Deploy.0 = Release|ARM
		{A494BFCA-3EB1-455C-82B3-1291A9F8BF90}.Release|ARM64.ActiveCfg = Release|ARM64
		{A494BFCA-3EB1-455C-82B3-1291A9F8BF90}.Release|ARM64.Build.0 = Release|ARM64
		{A494BFCA-3EB1-455C-82B3-1291A9F8BF90}.Release|ARM64.Deploy.0 = Release|ARM64
		{A494BFCA-3EB1-455C-82B3-1291A9F8BF90}.Release|x64.ActiveCfg = Release|x64
		{A494BFCA-3EB1-455C-82B3-1291A9F8BF90}.Release|x64.Build.0 = Release|x64
		{A494BFCA-3EB1-455C-82B3-1291A9F8BF90}.Release|x64.Deploy.0 = Release|x64
		{A494BFCA-3EB1-455C-82B3-1291A9F8BF90}.Release|x86.ActiveCfg = Release|x86
		{A494BFCA-3EB1-455C-82B3-1291A9F8BF90}.Release|x86.Build.0 = Release|x86
		{A494BFCA-3EB1-455C-82B3-1291A9F8BF90}.Release|x86.Deploy.0 = Release|x86
		{C5A7CAA2-8CBA-4E56-BB6D-F68341384D10}.Debug|ARM.ActiveCfg = Debug|ARM
		{C5A7CAA2-8CBA-4E56-BB6D-F68341384D10}.Debug|ARM.Build.0 = Debug|ARM
		{C5A7CAA2-8CBA-4E56-BB6D-F68341384D10}.Debug|ARM.Deploy.0 = Debug|ARM
		{C5A7CAA2-8CBA-4E56-BB6D-F68341384D10}.Debug|ARM64.ActiveCfg = Debug|ARM64
		{C5A7CAA2-8CBA-4E56-BB6D-F68341384D10}.Debug|ARM64.Build.0 = Debug|ARM64
		{C5A7CAA2-8CBA-4E56-BB6D-F68341384D10}.Debug|ARM64.Deploy.0 = Debug|ARM64
		{C5A7CAA2-8CBA-4E56-BB6D-F68341384D10}.Debug|x64.ActiveCfg = Debug|x64
		{C5A7CAA2-8CBA-4E56-BB6D-F68341384D10}.Debug|x64.Build.0 = Debug|x64
		{C5A7CAA2-8CBA-4E56-BB6D-F68341384D10}.Debug|x64.Deploy.0 = Debug|x64
		{C5A7CAA2-8CBA-4E56-BB6D-F68341384D10}.Debug|x86.ActiveCfg = Debug|x86
		{C5A7CAA2-8CBA-4E56-BB6D-F68341384D10}.Debug|x86.Build.0 = Debug|x86
		{C5A7CAA2-8CBA-4E56-BB6D-F68341384D10}.Debug|x86.Deploy.0 = Debug|x86
		{C5A7CAA2-8CBA-4E56-BB6D-F68341384D10}.Release|ARM.ActiveCfg = Release|ARM
		{C5A7CAA2-8CBA-4E56-BB6D-F68341384D10}.Release|ARM.Build.0 = Release|ARM
		{C5A7CAA2-8CBA-4E56-BB6D-F68341384D10}.Release|ARM.Deploy.0 = Release|ARM
		{C5A7CAA2-8CBA-4E56-BB6D-F68341384D10}.Release|ARM64.ActiveCfg = Release|ARM64
		{C5A7CAA2-8CBA-4E56-BB6D-F68341384D10}.Release|ARM64.Build.0 = Release|ARM64
		{C5A7CAA2-8CBA-4E56-BB6D-F68341384D10}.Release|ARM64.Deploy.0 = Release|ARM64
		{C5A7CAA2-8CBA-4E56-BB6D-F68341384D10}.Release|x64.ActiveCfg = Release|x64
		{C5A7CAA2-8CBA-4E56-BB6D-F68341384D10}.Release|x64.Build.0 = Release|x64
		{C5A7CAA2-8CBA-4E56-BB6D-F68341384D10}.Release|x64.Deploy.0 = Release|x64
		{C5A7CAA2-8CBA-4E56-BB6D-F68341384D10}.Release|x86.ActiveCfg = Release|x86
		{C5A7CAA2-8CBA-4E56-BB6D-F68341384D10}.Release|x86.Build.0 = Release|x86
		{C5A7CAA2-8CBA-4E56-BB6D-F68341384D10}.Release|x86.Deploy.0 = Release|x86
		{ADD3E8B5-98B6-4071-AF74-DAC9DDBA46EC}.Debug|ARM.ActiveCfg = Debug|x64
		{ADD3E8B5-98B6-4071-AF74-DAC9DDBA46EC}.Debug|ARM.Build.0 = Debug|x64
		{ADD3E8B5-98B6-4071-AF74-DAC9DDBA46EC}.Debug|ARM64.ActiveCfg = Debug|x64
		{ADD3E8B5-98B6-4071-AF74-DAC9DDBA46EC}.Debug|ARM64.Build.0 = Debug|x64
		{ADD3E8B5-98B6-4071-AF74-DAC9DDBA46EC}.Debug|x64.ActiveCfg = Debug|x64
		{ADD3E8B5-98B6-4071-AF74-DAC9DDBA46EC}.Debug|x64.Build.0 = Debug|x64
		{ADD3E8B5-98B6-4071-AF74-DAC9DDBA46EC}.Debug|x86.ActiveCfg = Debug|Win32
		{ADD3E8B5-98B6-4071-AF74-DAC9DDBA46EC}.Debug|x86.Build.0 = Debug|Win32
		{ADD3E8B5-98B6-4071-AF74-DAC9DDBA46EC}.Release|ARM.ActiveCfg = Release|x64
		{ADD3E8B5-98B6-4071-AF74-DAC9DDBA46EC}.Release|ARM.Build.0 = Release|x64
		{ADD3E8B5-98B6-4071-AF74-DAC9DDBA46EC}.Release|ARM64.ActiveCfg = Release|x64
		{ADD3E8B5-98B6-4071-AF74-DAC9DDBA46EC}.Release|ARM64.Build.0 = Release|x64
		{ADD3E8B5-98B6-4071-AF74-DAC9DDBA46EC}.Release|x64.ActiveCfg = Release|x64
		{ADD3E8B5-98B6-4071-AF74-DAC9DDBA46EC}.Release|x64.Build.0 = Release|x64
		{ADD3E8B5-98B6-4071-AF74-DAC9DDBA46EC}.Release|x86.ActiveCfg = Release|Win32
		{ADD3E8B5-98B6-4071-AF74-DAC9DDBA46EC}.Release|x86.Build.0 = Release|Win32
		{B0FD3AEA-FA32-41D1-B874-E0398842F2A5}.Debug|ARM.ActiveCfg = Debug|ARM
		{B0FD3AEA-FA32-41D1-B874-E0398842F2A5}.Debug|ARM.Build.0 = Debug|ARM
		{B0FD3AEA-FA32-41D1-B874-E0398842F2A5}.Debug|ARM.Deploy.0 = Debug|ARM
		{B0FD3AEA-FA32-41D1-B874-E0398842F2A5}.Debug|ARM64.ActiveCfg = Debug|ARM64
		{B0FD3AEA-FA32-41D1-B874-E0398842F2A5}.Debug|ARM64.Build.0 = Debug|ARM64
		{B0FD3AEA-FA32-41D1-B874-E0398842F2A5}.Debug|ARM64.Deploy.0 = Debug|ARM64
		{B0FD3AEA-FA32-41D1-B874-E0398842F2A5}.Debug|x64.ActiveCfg = Debug|x64
		{B0FD3AEA-FA32-41D1-B874-E0398842F2A5}.Debug|x64.Build.0 = Debug|x64
		{B0FD3AEA-FA32-41D1-B874-E0398842F2A5}.Debug|x64.Deploy.0 = Debug|x64
		{B0FD3AEA-FA32-41D1-B874-E0398842F2A5}.Debug|x86.ActiveCfg = Debug|x86
		{B0FD3AEA-FA32-41D1-B874-E0398842F2A5}.Debug|x86.Build.0 = Debug|x86
		{B0FD3AEA-FA32-41D1-B874-E0398842F2A5}.Debug|x86.Deploy.0 = Debug|x86
		{B0FD3AEA-FA32-41D1-B874-E0398842F2A5}.Release|ARM.ActiveCfg = Release|ARM
		{B0FD3AEA-FA32-41D1-B874-E0398842F2A5}.Release|ARM.Build.0 = Release|ARM
		{B0FD3AEA-FA32-41D1-B874-E0398842F2A5}.Release|ARM.Deploy.0 = Release|ARM
		{B0FD3AEA-FA32-41D1-B874-E0398842F2A5}.Release|ARM64.ActiveCfg = Release|ARM64
		{B0FD3AEA-FA32-41D1-B874-E0398842F2A5}.Release|ARM64.Build.0 = Release|ARM64
		{B0FD3AEA-FA32-41D1-B874-E0398842F2A5}.Release|ARM64.Deploy.0 = Release|ARM64
		{B0FD3AEA-FA32-41D1-B874-E0398842F2A5}.Release|x64.ActiveCfg = Release|x64
		{B0FD3AEA-FA32-41D1-B874-E0398842F2A5}.Release|x64.Build.0 = Release|x64
		{B0FD3AEA-FA32-41D1-B874-E0398842F2A5}.Release|x64.Deploy.0 = Release|x64
		{B0FD3AEA-FA32-41D1-B874-E0398842F2A5}.Release|x86.ActiveCfg = Release|x86
		{B0FD3AEA-FA32-41D1-B874-E0398842F2A5}.Release|x86.Build.0 = Release|x86
		{B0FD3AEA-FA32-41D1-B874-E0398842F2A5}.Release|x86.Deploy.0 = Release|x86
		{4FF4CD68-189F-4C6B-8532-B7A9ADF0D63B}.Debug|ARM.ActiveCfg = Debug|x86
		{4FF4CD68-189F-4C6B-8532-B7A9ADF0D63B}.Debug|ARM.Build.0 = Debug|x86
		{4FF4CD68-189F-4C6B-8532-B7A9ADF0D63B}.Debug|ARM64.ActiveCfg = Debug|x86
		{4FF4CD68-189F-4C6B-8532-B7A9ADF0D63B}.Debug|ARM64.Build.0 = Debug|x86
		{4FF4CD68-189F-4C6B-8532-B7A9ADF0D63B}.Debug|x64.ActiveCfg = Debug|x86
		{4FF4CD68-189F-4C6B-8532-B7A9ADF0D63B}.Debug|x64.Build.0 = Debug|x86
		{4FF4CD68-189F-4C6B-8532-B7A9ADF0D63B}.Debug|x86.ActiveCfg = Debug|x86
		{4FF4CD68-189F-4C6B-8532-B7A9ADF0D63B}.Debug|x86.Build.0 = Debug|x86
		{4FF4CD68-189F-4C6B-8532-B7A9ADF0D63B}.Release|ARM.ActiveCfg = Release|x86
		{4FF4CD68-189F-4C6B-8532-B7A9ADF0D63B}.Release|ARM.Build.0 = Release|x86
		{4FF4CD68-189F-4C6B-8532-B7A9ADF0D63B}.Release|ARM64.ActiveCfg = Release|x86
		{4FF4CD68-189F-4C6B-8532-B7A9ADF0D63B}.Release|ARM64.Build.0 = Release|x86
		{4FF4CD68-189F-4C6B-8532-B7A9ADF0D63B}.Release|x64.ActiveCfg = Release|x64
		{4FF4CD68-189F-4C6B-8532-B7A9ADF0D63B}.Release|x64.Build.0 = Release|x64
		{4FF4CD68-189F-4C6B-8532-B7A9ADF0D63B}.Release|x86.ActiveCfg = Release|x86
		{4FF4CD68-189F-4C6B-8532-B7A9ADF0D63B}.Release|x86.Build.0 = Release|x86
		{4B27DAC8-BDDA-42D9-8C2B-7B5D82B7DF02}.Debug|ARM.ActiveCfg = Debug|x64
		{4B27DAC8-BDDA-42D9-8C2B-7B5D82B7DF02}.Debug|ARM.Build.0 = Debug|x64
		{4B27DAC8-BDDA-42D9-8C2B-7B5D82B7DF02}.Debug|ARM64.ActiveCfg = Debug|x64
		{4B27DAC8-BDDA-42D9-8C2B-7B5D82B7DF02}.Debug|ARM64.Build.0 = Debug|x64
		{4B27DAC8-BDDA-42D9-8C2B-7B5D82B7DF02}.Debug|x64.ActiveCfg = Debug|x64
		{4B27DAC8-BDDA-42D9-8C2B-7B5D82B7DF02}.Debug|x64.Build.0 = Debug|x64
		{4B27DAC8-BDDA-42D9-8C2B-7B5D82B7DF02}.Debug|x86.ActiveCfg = Debug|Win32
		{4B27DAC8-BDDA-42D9-8C2B-7B5D82B7DF02}.Debug|x86.Build.0 = Debug|Win32
		{4B27DAC8-BDDA-42D9-8C2B-7B5D82B7DF02}.Release|ARM.ActiveCfg = Release|x64
		{4B27DAC8-BDDA-42D9-8C2B-7B5D82B7DF02}.Release|ARM.Build.0 = Release|x64
		{4B27DAC8-BDDA-42D9-8C2B-7B5D82B7DF02}.Release|ARM64.ActiveCfg = Release|x64
		{4B27DAC8-BDDA-42D9-8C2B-7B5D82B7DF02}.Release|ARM64.Build.0 = Release|x64
		{4B27DAC8-BDDA-42D9-8C2B-7B5D82B7DF02}.Release|x64.ActiveCfg = Release|x64
		{4B27DAC8-BDDA-42D9-8C2B-7B5D82B7DF02}.Release|x64.Build.0 = Release|x64
		{4B27DAC8-BDDA-42D9-8C2B-7B5D82B7DF02}.Release|x86.ActiveCfg = Release|Win32
		{4B27DAC8-BDDA-42D9-8C2B-7B5D82B7DF02}.Release|x86.Build.0 = Release|Win32
		{42AC4B6E-75A9-4AA0-A5E2-08127F07818C}.Debug|ARM.ActiveCfg = Debug|x64
		{42AC4B6E-75A9-4AA0-A5E2-08127F07818C}.Debug|ARM.Build.0 = Debug|x64
		{42AC4B6E-75A9-4AA0-A5E2-08127F07818C}.Debug|ARM64.ActiveCfg = Debug|x64
		{42AC4B6E-75A9-4AA0-A5E2-08127F07818C}.Debug|ARM64.Build.0 = Debug|x64
		{42AC4B6E-75A9-4AA0-A5E2-08127F07818C}.Debug|x64.ActiveCfg = Debug|x64
		{42AC4B6E-75A9-4AA0-A5E2-08127F07818C}.Debug|x64.Build.0 = Debug|x64
		{42AC4B6E-75A9-4AA0-A5E2-08127F07818C}.Debug|x86.ActiveCfg = Debug|Win32
		{42AC4B6E-75A9-4AA0-A5E2-08127F07818C}.Debug|x86.Build.0 = Debug|Win32
		{42AC4B6E-75A9-4AA0-A5E2-08127F07818C}.Release|ARM.ActiveCfg = Release|x64
		{42AC4B6E-75A9-4AA0-A5E2-08127F07818C}.Release|ARM.Build.0 = Release|x64
		{42AC4B6E-75A9-4AA0-A5E2-08127F07818C}.Release|ARM64.ActiveCfg = Release|x64
		{42AC4B6E-75A9-4AA0-A5E2-08127F07818C}.Release|ARM64.Build.0 = Release|x64
		{42AC4B6E-75A9-4AA0-A5E2-08127F07818C}.Release|x64.ActiveCfg = Release|x64
		{42AC4B6E-75A9-4AA0-A5E2-08127F07818C}.Release|x64.Build.0 = Release|x64
		{42AC4B6E-75A9-4AA0-A5E2-08127F07818C}.Release|x86.ActiveCfg = Release|Win32
		{42AC4B6E-75A9-4AA0-A5E2-08127F07818C}.Release|x86.Build.0 = Release|Win32
		{9A319538-E111-4E23-9BE8-58BAF77A4DA4}.Debug|ARM.ActiveCfg = Debug|ARM
		{9A319538-E111-4E23-9BE8-58BAF77A4DA4}.Debug|ARM.Build.0 = Debug|ARM
		{9A319538-E111-4E23-9BE8-58BAF77A4DA4}.Debug|ARM.Deploy.0 = Debug|ARM
		{9A319538-E111-4E23-9BE8-58BAF77A4DA4}.Debug|ARM64.ActiveCfg = Debug|ARM64
		{9A319538-E111-4E23-9BE8-58BAF77A4DA4}.Debug|ARM64.Build.0 = Debug|ARM64
		{9A319538-E111-4E23-9BE8-58BAF77A4DA4}.Debug|ARM64.Deploy.0 = Debug|ARM64
		{9A319538-E111-4E23-9BE8-58BAF77A4DA4}.Debug|x64.ActiveCfg = Debug|x64
		{9A319538-E111-4E23-9BE8-58BAF77A4DA4}.Debug|x64.Build.0 = Debug|x64
		{9A319538-E111-4E23-9BE8-58BAF77A4DA4}.Debug|x64.Deploy.0 = Debug|x64
		{9A319538-E111-4E23-9BE8-58BAF77A4DA4}.Debug|x86.ActiveCfg = Debug|x86
		{9A319538-E111-4E23-9BE8-58BAF77A4DA4}.Debug|x86.Build.0 = Debug|x86
		{9A319538-E111-4E23-9BE8-58BAF77A4DA4}.Debug|x86.Deploy.0 = Debug|x86
		{9A319538-E111-4E23-9BE8-58BAF77A4DA4}.Release|ARM.ActiveCfg = Release|ARM
		{9A319538-E111-4E23-9BE8-58BAF77A4DA4}.Release|ARM.Build.0 = Release|ARM
		{9A319538-E111-4E23-9BE8-58BAF77A4DA4}.Release|ARM.Deploy.0 = Release|ARM
		{9A319538-E111-4E23-9BE8-58BAF77A4DA4}.Release|ARM64.ActiveCfg = Release|ARM64
		{9A319538-E111-4E23-9BE8-58BAF77A4DA4}.Release|ARM64.Build.0 = Release|ARM64
		{9A319538-E111-4E23-9BE8-58BAF77A4DA4}.Release|ARM64.Deploy.0 = Release|ARM64
		{9A319538-E111-4E23-9BE8-58BAF77A4DA4}.Release|x64.ActiveCfg = Release|x64
		{9A319538-E111-4E23-9BE8-58BAF77A4DA4}.Release|x64.Build.0 = Release|x64
		{9A319538-E111-4E23-9BE8-58BAF77A4DA4}.Release|x64.Deploy.0 = Release|x64
		{9A319538-E111-4E23-9BE8-58BAF77A4DA4}.Release|x86.ActiveCfg = Release|x86
		{9A319538-E111-4E23-9BE8-58BAF77A4DA4}.Release|x86.Build.0 = Release|x86
		{9A319538-E111-4E23-9BE8-58BAF77A4DA4}.Release|x86.Deploy.0 = Release|x86
	EndGlobalSection
	GlobalSection(SolutionProperties) = preSolution
		HideSolutionNode = FALSE
	EndGlobalSection
	GlobalSection(NestedProjects) = preSolution
		{6B17D883-2AEE-4BE2-AC8D-EFAE00938E66} = {11B70C7B-8D49-45EB-BCF9-CE15D930BC0E}
		{015CC105-7643-4B2C-AB6E-30DFF39B8178} = {11B70C7B-8D49-45EB-BCF9-CE15D930BC0E}
		{1CFCC246-AB9A-485F-A137-32890224B635} = {86E4623B-856F-44BA-B086-A0EC3E563E48}
		{D67B1496-AD00-49D1-88D9-A1D0E20C513D} = {86E4623B-856F-44BA-B086-A0EC3E563E48}
		{8C939C11-693B-4AE5-901F-56749442D6E0} = {34346493-CB8D-4E01-9792-E891C90835F2}
		{4BE6BA6E-4B98-4530-93B4-7EB01B19F009} = {34346493-CB8D-4E01-9792-E891C90835F2}
		{C017FBDF-D47E-40B8-8770-1255E00BBFE6} = {24EC6C29-6F90-48B0-92E5-72B2EDD1EB70}
		{A494BFCA-3EB1-455C-82B3-1291A9F8BF90} = {24EC6C29-6F90-48B0-92E5-72B2EDD1EB70}
		{C5A7CAA2-8CBA-4E56-BB6D-F68341384D10} = {BC62AC6A-6EE0-4F7D-873A-42D522C4A08E}
		{ADD3E8B5-98B6-4071-AF74-DAC9DDBA46EC} = {34346493-CB8D-4E01-9792-E891C90835F2}
		{B0FD3AEA-FA32-41D1-B874-E0398842F2A5} = {34346493-CB8D-4E01-9792-E891C90835F2}
		{4FF4CD68-189F-4C6B-8532-B7A9ADF0D63B} = {BC62AC6A-6EE0-4F7D-873A-42D522C4A08E}
		{4B27DAC8-BDDA-42D9-8C2B-7B5D82B7DF02} = {02EA681E-C7D8-13C7-8484-4AC65E1B71E8}
		{42AC4B6E-75A9-4AA0-A5E2-08127F07818C} = {FCA78A4C-48DC-4C34-8800-F78A1E472F5E}
		{9A319538-E111-4E23-9BE8-58BAF77A4DA4} = {FCA78A4C-48DC-4C34-8800-F78A1E472F5E}
	EndGlobalSection
	GlobalSection(ExtensibilityGlobals) = postSolution
		SolutionGuid = {571D02DC-0E5C-45C6-8E30-DE15767F37B0}
	EndGlobalSection
EndGlobal
