
Microsoft Visual Studio Solution File, Format Version 12.00
# Visual Studio Version 17
VisualStudioVersion = 17.10.35013.160
MinimumVisualStudioVersion = 10.0.40219.1
Project("{8BC9CEB8-8B4A-11D0-8D11-00A0C91BC942}") = "shared", "shared\shared.vcxitems", "{D5DE4F35-7C4E-4D93-BF43-EBC60A76067C}"
EndProject
Project("{8BC9CEB8-8B4A-11D0-8D11-00A0C91BC942}") = "LiMgmtLpu230", "LiMgmtLpu230\LiMgmtLpu230.vcxproj", "{6B17D883-2AEE-4BE2-AC8D-EFAE00938E66}"
EndProject
Project("{8BC9CEB8-8B4A-11D0-8D11-00A0C91BC942}") = "WiMgmtLpu230", "WiMgmtLpu230\WiMgmtLpu230.vcxproj", "{015CC105-7643-4B2C-AB6E-30DFF39B8178}"
EndProject
Project("{8BC9CEB8-8B4A-11D0-8D11-00A0C91BC942}") = "LiElpuskHidDaemon", "LiElpuskHidDaemon\LiElpuskHidDaemon.vcxproj", "{1CFCC246-AB9A-485F-A137-32890224B635}"
EndProject
Project("{8BC9CEB8-8B4A-11D0-8D11-00A0C91BC942}") = "WiElpuskHidDaemon", "WiElpuskHidDaemon\WiElpuskHidDaemon.vcxproj", "{D67B1496-AD00-49D1-88D9-A1D0E20C513D}"
EndProject
Project("{2150E333-8FDC-42A3-9474-1A3956D46DE8}") = "clients", "clients", "{34346493-CB8D-4E01-9792-E891C90835F2}"
EndProject
Project("{8BC9CEB8-8B4A-11D0-8D11-00A0C91BC942}") = "wi_lpu237_dll", "wi_lpu237_dll\wi_lpu237_dll.vcxproj", "{8C939C11-693B-4AE5-901F-56749442D6E0}"
EndProject
Project("{8BC9CEB8-8B4A-11D0-8D11-00A0C91BC942}") = "li_lpu237_dll", "li_lpu237_dll\li_lpu237_dll.vcxproj", "{4BE6BA6E-4B98-4530-93B4-7EB01B19F009}"
EndProject
Project("{2150E333-8FDC-42A3-9474-1A3956D46DE8}") = "server", "server", "{86E4623B-856F-44BA-B086-A0EC3E563E48}"
EndProject
Project("{2150E333-8FDC-42A3-9474-1A3956D46DE8}") = "test", "test", "{24EC6C29-6F90-48B0-92E5-72B2EDD1EB70}"
EndProject
Project("{8BC9CEB8-8B4A-11D0-8D11-00A0C91BC942}") = "tp_wi_lpu237", "tp_wi_lpu237\tp_wi_lpu237.vcxproj", "{C017FBDF-D47E-40B8-8770-1255E00BBFE6}"
EndProject
Project("{8BC9CEB8-8B4A-11D0-8D11-00A0C91BC942}") = "tp_li_lpu237", "tp_li_lpu237\tp_li_lpu237.vcxproj", "{A494BFCA-3EB1-455C-82B3-1291A9F8BF90}"
EndProject
Global
	GlobalSection(SolutionConfigurationPlatforms) = preSolution
		Debug|ARM = Debug|ARM
		Debug|ARM64 = Debug|ARM64
		Debug|x64 = Debug|x64
		Debug|x86 = Debug|x86
		Release|ARM = Release|ARM
		Release|ARM64 = Release|ARM64
		Release|x64 = Release|x64
		Release|x86 = Release|x86
	EndGlobalSection
	GlobalSection(ProjectConfigurationPlatforms) = postSolution
		{6B17D883-2AEE-4BE2-AC8D-EFAE00938E66}.Debug|ARM.ActiveCfg = Debug|ARM
		{6B17D883-2AEE-4BE2-AC8D-EFAE00938E66}.Debug|ARM.Build.0 = Debug|ARM
		{6B17D883-2AEE-4BE2-AC8D-EFAE00938E66}.Debug|ARM.Deploy.0 = Debug|ARM
		{6B17D883-2AEE-4BE2-AC8D-EFAE00938E66}.Debug|ARM64.ActiveCfg = Debug|ARM64
		{6B17D883-2AEE-4BE2-AC8D-EFAE00938E66}.Debug|ARM64.Build.0 = Debug|ARM64
		{6B17D883-2AEE-4BE2-AC8D-EFAE00938E66}.Debug|ARM64.Deploy.0 = Debug|ARM64
		{6B17D883-2AEE-4BE2-AC8D-EFAE00938E66}.Debug|x64.ActiveCfg = Debug|x64
		{6B17D883-2AEE-4BE2-AC8D-EFAE00938E66}.Debug|x64.Build.0 = Debug|x64
		{6B17D883-2AEE-4BE2-AC8D-EFAE00938E66}.Debug|x64.Deploy.0 = Debug|x64
		{6B17D883-2AEE-4BE2-AC8D-EFAE00938E66}.Debug|x86.ActiveCfg = Debug|x86
		{6B17D883-2AEE-4BE2-AC8D-EFAE00938E66}.Debug|x86.Build.0 = Debug|x86
		{6B17D883-2AEE-4BE2-AC8D-EFAE00938E66}.Debug|x86.Deploy.0 = Debug|x86
		{6B17D883-2AEE-4BE2-AC8D-EFAE00938E66}.Release|ARM.ActiveCfg = Release|ARM
		{6B17D883-2AEE-4BE2-AC8D-EFAE00938E66}.Release|ARM.Build.0 = Release|ARM
		{6B17D883-2AEE-4BE2-AC8D-EFAE00938E66}.Release|ARM.Deploy.0 = Release|ARM
		{6B17D883-2AEE-4BE2-AC8D-EFAE00938E66}.Release|ARM64.ActiveCfg = Release|ARM64
		{6B17D883-2AEE-4BE2-AC8D-EFAE00938E66}.Release|ARM64.Build.0 = Release|ARM64
		{6B17D883-2AEE-4BE2-AC8D-EFAE00938E66}.Release|ARM64.Deploy.0 = Release|ARM64
		{6B17D883-2AEE-4BE2-AC8D-EFAE00938E66}.Release|x64.ActiveCfg = Release|x64
		{6B17D883-2AEE-4BE2-AC8D-EFAE00938E66}.Release|x64.Build.0 = Release|x64
		{6B17D883-2AEE-4BE2-AC8D-EFAE00938E66}.Release|x64.Deploy.0 = Release|x64
		{6B17D883-2AEE-4BE2-AC8D-EFAE00938E66}.Release|x86.ActiveCfg = Release|x86
		{6B17D883-2AEE-4BE2-AC8D-EFAE00938E66}.Release|x86.Build.0 = Release|x86
		{6B17D883-2AEE-4BE2-AC8D-EFAE00938E66}.Release|x86.Deploy.0 = Release|x86
		{015CC105-7643-4B2C-AB6E-30DFF39B8178}.Debug|ARM.ActiveCfg = Debug|x64
		{015CC105-7643-4B2C-AB6E-30DFF39B8178}.Debug|ARM.Build.0 = Debug|x64
		{015CC105-7643-4B2C-AB6E-30DFF39B8178}.Debug|ARM64.ActiveCfg = Debug|x64
		{015CC105-7643-4B2C-AB6E-30DFF39B8178}.Debug|ARM64.Build.0 = Debug|x64
		{015CC105-7643-4B2C-AB6E-30DFF39B8178}.Debug|x64.ActiveCfg = Debug|x64
		{015CC105-7643-4B2C-AB6E-30DFF39B8178}.Debug|x64.Build.0 = Debug|x64
		{015CC105-7643-4B2C-AB6E-30DFF39B8178}.Debug|x86.ActiveCfg = Debug|Win32
		{015CC105-7643-4B2C-AB6E-30DFF39B8178}.Debug|x86.Build.0 = Debug|Win32
		{015CC105-7643-4B2C-AB6E-30DFF39B8178}.Release|ARM.ActiveCfg = Release|x64
		{015CC105-7643-4B2C-AB6E-30DFF39B8178}.Release|ARM.Build.0 = Release|x64
		{015CC105-7643-4B2C-AB6E-30DFF39B8178}.Release|ARM64.ActiveCfg = Release|x64
		{015CC105-7643-4B2C-AB6E-30DFF39B8178}.Release|ARM64.Build.0 = Release|x64
		{015CC105-7643-4B2C-AB6E-30DFF39B8178}.Release|x64.ActiveCfg = Release|x64
		{015CC105-7643-4B2C-AB6E-30DFF39B8178}.Release|x64.Build.0 = Release|x64
		{015CC105-7643-4B2C-AB6E-30DFF39B8178}.Release|x86.ActiveCfg = Release|Win32
		{015CC105-7643-4B2C-AB6E-30DFF39B8178}.Release|x86.Build.0 = Release|Win32
		{1CFCC246-AB9A-485F-A137-32890224B635}.Debug|ARM.ActiveCfg = Debug|ARM
		{1CFCC246-AB9A-485F-A137-32890224B635}.Debug|ARM.Build.0 = Debug|ARM
		{1CFCC246-AB9A-485F-A137-32890224B635}.Debug|ARM.Deploy.0 = Debug|ARM
		{1CFCC246-AB9A-485F-A137-32890224B635}.Debug|ARM64.ActiveCfg = Debug|ARM64
		{1CFCC246-AB9A-485F-A137-32890224B635}.Debug|ARM64.Build.0 = Debug|ARM64
		{1CFCC246-AB9A-485F-A137-32890224B635}.Debug|ARM64.Deploy.0 = Debug|ARM64
		{1CFCC246-AB9A-485F-A137-32890224B635}.Debug|x64.ActiveCfg = Debug|x64
		{1CFCC246-AB9A-485F-A137-32890224B635}.Debug|x64.Build.0 = Debug|x64
		{1CFCC246-AB9A-485F-A137-32890224B635}.Debug|x64.Deploy.0 = Debug|x64
		{1CFCC246-AB9A-485F-A137-32890224B635}.Debug|x86.ActiveCfg = Debug|x86
		{1CFCC246-AB9A-485F-A137-32890224B635}.Debug|x86.Build.0 = Debug|x86
		{1CFCC246-AB9A-485F-A137-32890224B635}.Debug|x86.Deploy.0 = Debug|x86
		{1CFCC246-AB9A-485F-A137-32890224B635}.Release|ARM.ActiveCfg = Release|ARM
		{1CFCC246-AB9A-485F-A137-32890224B635}.Release|ARM.Build.0 = Release|ARM
		{1CFCC246-AB9A-485F-A137-32890224B635}.Release|ARM.Deploy.0 = Release|ARM
		{1CFCC246-AB9A-485F-A137-32890224B635}.Release|ARM64.ActiveCfg = Release|ARM64
		{1CFCC246-AB9A-485F-A137-32890224B635}.Release|ARM64.Build.0 = Release|ARM64
		{1CFCC246-AB9A-485F-A137-32890224B635}.Release|ARM64.Deploy.0 = Release|ARM64
		{1CFCC246-AB9A-485F-A137-32890224B635}.Release|x64.ActiveCfg = Release|x64
		{1CFCC246-AB9A-485F-A137-32890224B635}.Release|x64.Build.0 = Release|x64
		{1CFCC246-AB9A-485F-A137-32890224B635}.Release|x64.Deploy.0 = Release|x64
		{1CFCC246-AB9A-485F-A137-32890224B635}.Release|x86.ActiveCfg = Release|x86
		{1CFCC246-AB9A-485F-A137-32890224B635}.Release|x86.Build.0 = Release|x86
		{1CFCC246-AB9A-485F-A137-32890224B635}.Release|x86.Deploy.0 = Release|x86
		{D67B1496-AD00-49D1-88D9-A1D0E20C513D}.Debug|ARM.ActiveCfg = Debug|x64
		{D67B1496-AD00-49D1-88D9-A1D0E20C513D}.Debug|ARM.Build.0 = Debug|x64
		{D67B1496-AD00-49D1-88D9-A1D0E20C513D}.Debug|ARM64.ActiveCfg = Debug|x64
		{D67B1496-AD00-49D1-88D9-A1D0E20C513D}.Debug|ARM64.Build.0 = Debug|x64
		{D67B1496-AD00-49D1-88D9-A1D0E20C513D}.Debug|x64.ActiveCfg = Debug|x64
		{D67B1496-AD00-49D1-88D9-A1D0E20C513D}.Debug|x64.Build.0 = Debug|x64
		{D67B1496-AD00-49D1-88D9-A1D0E20C513D}.Debug|x86.ActiveCfg = Debug|Win32
		{D67B1496-AD00-49D1-88D9-A1D0E20C513D}.Debug|x86.Build.0 = Debug|Win32
		{D67B1496-AD00-49D1-88D9-A1D0E20C513D}.Release|ARM.ActiveCfg = Release|x64
		{D67B1496-AD00-49D1-88D9-A1D0E20C513D}.Release|ARM.Build.0 = Release|x64
		{D67B1496-AD00-49D1-88D9-A1D0E20C513D}.Release|ARM64.ActiveCfg = Release|x64
		{D67B1496-AD00-49D1-88D9-A1D0E20C513D}.Release|ARM64.Build.0 = Release|x64
		{D67B1496-AD00-49D1-88D9-A1D0E20C513D}.Release|x64.ActiveCfg = Release|x64
		{D67B1496-AD00-49D1-88D9-A1D0E20C513D}.Release|x64.Build.0 = Release|x64
		{D67B1496-AD00-49D1-88D9-A1D0E20C513D}.Release|x86.ActiveCfg = Release|Win32
		{D67B1496-AD00-49D1-88D9-A1D0E20C513D}.Release|x86.Build.0 = Release|Win32
		{8C939C11-693B-4AE5-901F-56749442D6E0}.Debug|ARM.ActiveCfg = Debug|x64
		{8C939C11-693B-4AE5-901F-56749442D6E0}.Debug|ARM.Build.0 = Debug|x64
		{8C939C11-693B-4AE5-901F-56749442D6E0}.Debug|ARM64.ActiveCfg = Debug|x64
		{8C939C11-693B-4AE5-901F-56749442D6E0}.Debug|ARM64.Build.0 = Debug|x64
		{8C939C11-693B-4AE5-901F-56749442D6E0}.Debug|x64.ActiveCfg = Debug|x64
		{8C939C11-693B-4AE5-901F-56749442D6E0}.Debug|x64.Build.0 = Debug|x64
		{8C939C11-693B-4AE5-901F-56749442D6E0}.Debug|x86.ActiveCfg = Debug|Win32
		{8C939C11-693B-4AE5-901F-56749442D6E0}.Debug|x86.Build.0 = Debug|Win32
		{8C939C11-693B-4AE5-901F-56749442D6E0}.Release|ARM.ActiveCfg = Release|x64
		{8C939C11-693B-4AE5-901F-56749442D6E0}.Release|ARM.Build.0 = Release|x64
		{8C939C11-693B-4AE5-901F-56749442D6E0}.Release|ARM64.ActiveCfg = Release|x64
		{8C939C11-693B-4AE5-901F-56749442D6E0}.Release|ARM64.Build.0 = Release|x64
		{8C939C11-693B-4AE5-901F-56749442D6E0}.Release|x64.ActiveCfg = Release|x64
		{8C939C11-693B-4AE5-901F-56749442D6E0}.Release|x64.Build.0 = Release|x64
		{8C939C11-693B-4AE5-901F-56749442D6E0}.Release|x86.ActiveCfg = Release|Win32
		{8C939C11-693B-4AE5-901F-56749442D6E0}.Release|x86.Build.0 = Release|Win32
		{4BE6BA6E-4B98-4530-93B4-7EB01B19F009}.Debug|ARM.ActiveCfg = Debug|ARM
		{4BE6BA6E-4B98-4530-93B4-7EB01B19F009}.Debug|ARM.Build.0 = Debug|ARM
		{4BE6BA6E-4B98-4530-93B4-7EB01B19F009}.Debug|ARM.Deploy.0 = Debug|ARM
		{4BE6BA6E-4B98-4530-93B4-7EB01B19F009}.Debug|ARM64.ActiveCfg = Debug|ARM64
		{4BE6BA6E-4B98-4530-93B4-7EB01B19F009}.Debug|ARM64.Build.0 = Debug|ARM64
		{4BE6BA6E-4B98-4530-93B4-7EB01B19F009}.Debug|ARM64.Deploy.0 = Debug|ARM64
		{4BE6BA6E-4B98-4530-93B4-7EB01B19F009}.Debug|x64.ActiveCfg = Debug|x64
		{4BE6BA6E-4B98-4530-93B4-7EB01B19F009}.Debug|x64.Build.0 = Debug|x64
		{4BE6BA6E-4B98-4530-93B4-7EB01B19F009}.Debug|x64.Deploy.0 = Debug|x64
		{4BE6BA6E-4B98-4530-93B4-7EB01B19F009}.Debug|x86.ActiveCfg = Debug|x86
		{4BE6BA6E-4B98-4530-93B4-7EB01B19F009}.Debug|x86.Build.0 = Debug|x86
		{4BE6BA6E-4B98-4530-93B4-7EB01B19F009}.Debug|x86.Deploy.0 = Debug|x86
		{4BE6BA6E-4B98-4530-93B4-7EB01B19F009}.Release|ARM.ActiveCfg = Release|ARM
		{4BE6BA6E-4B98-4530-93B4-7EB01B19F009}.Release|ARM.Build.0 = Release|ARM
		{4BE6BA6E-4B98-4530-93B4-7EB01B19F009}.Release|ARM.Deploy.0 = Release|ARM
		{4BE6BA6E-4B98-4530-93B4-7EB01B19F009}.Release|ARM64.ActiveCfg = Release|ARM64
		{4BE6BA6E-4B98-4530-93B4-7EB01B19F009}.Release|ARM64.Build.0 = Release|ARM64
		{4BE6BA6E-4B98-4530-93B4-7EB01B19F009}.Release|ARM64.Deploy.0 = Release|ARM64
		{4BE6BA6E-4B98-4530-93B4-7EB01B19F009}.Release|x64.ActiveCfg = Release|x64
		{4BE6BA6E-4B98-4530-93B4-7EB01B19F009}.Release|x64.Build.0 = Release|x64
		{4BE6BA6E-4B98-4530-93B4-7EB01B19F009}.Release|x64.Deploy.0 = Release|x64
		{4BE6BA6E-4B98-4530-93B4-7EB01B19F009}.Release|x86.ActiveCfg = Release|x86
		{4BE6BA6E-4B98-4530-93B4-7EB01B19F009}.Release|x86.Build.0 = Release|x86
		{4BE6BA6E-4B98-4530-93B4-7EB01B19F009}.Release|x86.Deploy.0 = Release|x86
		{C017FBDF-D47E-40B8-8770-1255E00BBFE6}.Debug|ARM.ActiveCfg = Debug|x64
		{C017FBDF-D47E-40B8-8770-1255E00BBFE6}.Debug|ARM.Build.0 = Debug|x64
		{C017FBDF-D47E-40B8-8770-1255E00BBFE6}.Debug|ARM64.ActiveCfg = Debug|x64
		{C017FBDF-D47E-40B8-8770-1255E00BBFE6}.Debug|ARM64.Build.0 = Debug|x64
		{C017FBDF-D47E-40B8-8770-1255E00BBFE6}.Debug|x64.ActiveCfg = Debug|x64
		{C017FBDF-D47E-40B8-8770-1255E00BBFE6}.Debug|x64.Build.0 = Debug|x64
		{C017FBDF-D47E-40B8-8770-1255E00BBFE6}.Debug|x86.ActiveCfg = Debug|Win32
		{C017FBDF-D47E-40B8-8770-1255E00BBFE6}.Debug|x86.Build.0 = Debug|Win32
		{C017FBDF-D47E-40B8-8770-1255E00BBFE6}.Release|ARM.ActiveCfg = Release|x64
		{C017FBDF-D47E-40B8-8770-1255E00BBFE6}.Release|ARM.Build.0 = Release|x64
		{C017FBDF-D47E-40B8-8770-1255E00BBFE6}.Release|ARM64.ActiveCfg = Release|x64
		{C017FBDF-D47E-40B8-8770-1255E00BBFE6}.Release|ARM64.Build.0 = Release|x64
		{C017FBDF-D47E-40B8-8770-1255E00BBFE6}.Release|x64.ActiveCfg = Release|x64
		{C017FBDF-D47E-40B8-8770-1255E00BBFE6}.Release|x64.Build.0 = Release|x64
		{C017FBDF-D47E-40B8-8770-1255E00BBFE6}.Release|x86.ActiveCfg = Release|Win32
		{C017FBDF-D47E-40B8-8770-1255E00BBFE6}.Release|x86.Build.0 = Release|Win32
		{A494BFCA-3EB1-455C-82B3-1291A9F8BF90}.Debug|ARM.ActiveCfg = Debug|ARM
		{A494BFCA-3EB1-455C-82B3-1291A9F8BF90}.Debug|ARM.Build.0 = Debug|ARM
		{A494BFCA-3EB1-455C-82B3-1291A9F8BF90}.Debug|ARM.Deploy.0 = Debug|ARM
		{A494BFCA-3EB1-455C-82B3-1291A9F8BF90}.Debug|ARM64.ActiveCfg = Debug|ARM64
		{A494BFCA-3EB1-455C-82B3-1291A9F8BF90}.Debug|ARM64.Build.0 = Debug|ARM64
		{A494BFCA-3EB1-455C-82B3-1291A9F8BF90}.Debug|ARM64.Deploy.0 = Debug|ARM64
		{A494BFCA-3EB1-455C-82B3-1291A9F8BF90}.Debug|x64.ActiveCfg = Debug|x64
		{A494BFCA-3EB1-455C-82B3-1291A9F8BF90}.Debug|x64.Build.0 = Debug|x64
		{A494BFCA-3EB1-455C-82B3-1291A9F8BF90}.Debug|x64.Deploy.0 = Debug|x64
		{A494BFCA-3EB1-455C-82B3-1291A9F8BF90}.Debug|x86.ActiveCfg = Debug|x86
		{A494BFCA-3EB1-455C-82B3-1291A9F8BF90}.Debug|x86.Build.0 = Debug|x86
		{A494BFCA-3EB1-455C-82B3-1291A9F8BF90}.Debug|x86.Deploy.0 = Debug|x86
		{A494BFCA-3EB1-455C-82B3-1291A9F8BF90}.Release|ARM.ActiveCfg = Release|ARM
		{A494BFCA-3EB1-455C-82B3-1291A9F8BF90}.Release|ARM.Build.0 = Release|ARM
		{A494BFCA-3EB1-455C-82B3-1291A9F8BF90}.Release|ARM.Deploy.0 = Release|ARM
		{A494BFCA-3EB1-455C-82B3-1291A9F8BF90}.Release|ARM64.ActiveCfg = Release|ARM64
		{A494BFCA-3EB1-455C-82B3-1291A9F8BF90}.Release|ARM64.Build.0 = Release|ARM64
		{A494BFCA-3EB1-455C-82B3-1291A9F8BF90}.Release|ARM64.Deploy.0 = Release|ARM64
		{A494BFCA-3EB1-455C-82B3-1291A9F8BF90}.Release|x64.ActiveCfg = Release|x64
		{A494BFCA-3EB1-455C-82B3-1291A9F8BF90}.Release|x64.Build.0 = Release|x64
		{A494BFCA-3EB1-455C-82B3-1291A9F8BF90}.Release|x64.Deploy.0 = Release|x64
		{A494BFCA-3EB1-455C-82B3-1291A9F8BF90}.Release|x86.ActiveCfg = Release|x86
		{A494BFCA-3EB1-455C-82B3-1291A9F8BF90}.Release|x86.Build.0 = Release|x86
		{A494BFCA-3EB1-455C-82B3-1291A9F8BF90}.Release|x86.Deploy.0 = Release|x86
	EndGlobalSection
	GlobalSection(SolutionProperties) = preSolution
		HideSolutionNode = FALSE
	EndGlobalSection
	GlobalSection(NestedProjects) = preSolution
		{1CFCC246-AB9A-485F-A137-32890224B635} = {86E4623B-856F-44BA-B086-A0EC3E563E48}
		{D67B1496-AD00-49D1-88D9-A1D0E20C513D} = {86E4623B-856F-44BA-B086-A0EC3E563E48}
		{8C939C11-693B-4AE5-901F-56749442D6E0} = {34346493-CB8D-4E01-9792-E891C90835F2}
		{4BE6BA6E-4B98-4530-93B4-7EB01B19F009} = {34346493-CB8D-4E01-9792-E891C90835F2}
		{C017FBDF-D47E-40B8-8770-1255E00BBFE6} = {24EC6C29-6F90-48B0-92E5-72B2EDD1EB70}
		{A494BFCA-3EB1-455C-82B3-1291A9F8BF90} = {24EC6C29-6F90-48B0-92E5-72B2EDD1EB70}
	EndGlobalSection
	GlobalSection(ExtensibilityGlobals) = postSolution
		SolutionGuid = {571D02DC-0E5C-45C6-8E30-DE15767F37B0}
	EndGlobalSection
EndGlobal
