<?xml version="1.0" encoding="utf-8"?>
<Project ToolsVersion="4.0" xmlns="http://schemas.microsoft.com/developer/msbuild/2003">
  <ItemGroup>
    <Filter Include="Source Files">
      <UniqueIdentifier>{e6f88494-2433-47d5-a1fb-16e3fc39cd83}</UniqueIdentifier>
    </Filter>
    <Filter Include="Header Files">
      <UniqueIdentifier>{7793ab71-2c1b-4afe-bb52-f56fe8b62e69}</UniqueIdentifier>
    </Filter>
  </ItemGroup>
  <ItemGroup>
    <ClCompile Include="..\shared\projects\tp_lpu237_dll\tp_lpu237_dll.cpp">
      <Filter>Source Files</Filter>
    </ClCompile>
    <ClCompile Include="..\shared\projects\tp_lpu237_dll\tp_main.cpp" />
    <ClCompile Include="..\shared\projects\tp_lpu237_dll\tp_lpu237_ibutton.cpp" />
  </ItemGroup>
  <ItemGroup>
    <ClInclude Include="..\shared\projects\tp_lpu237_dll\clpu237_msr.h">
      <Filter>Header Files</Filter>
    </ClInclude>
    <ClInclude Include="..\shared\projects\tp_lpu237_dll\clpu237_ibutton.h">
      <Filter>Header Files</Filter>
    </ClInclude>
    <ClInclude Include="..\shared\projects\tp_lpu237_dll\tp_main.h" />
  </ItemGroup>
</Project>