<?xml version="1.0" encoding="utf-8"?>
<Project ToolsVersion="4.0" xmlns="http://schemas.microsoft.com/developer/msbuild/2003">
  <ItemGroup>
    <Filter Include="Source Files">
      <UniqueIdentifier>{4FC737F1-C7A5-4376-A066-2A32D752A2FF}</UniqueIdentifier>
      <Extensions>cpp;c;cc;cxx;c++;cppm;ixx;def;odl;idl;hpj;bat;asm;asmx</Extensions>
    </Filter>
    <Filter Include="Header Files">
      <UniqueIdentifier>{93995380-89BD-4b04-88EB-625FBE52EBFB}</UniqueIdentifier>
      <Extensions>h;hh;hpp;hxx;h++;hm;inl;inc;ipp;xsd</Extensions>
    </Filter>
    <Filter Include="Resource Files">
      <UniqueIdentifier>{67DA6AB6-F800-4c08-8B7A-83BB121AAD01}</UniqueIdentifier>
      <Extensions>rc;ico;cur;bmp;dlg;rc2;rct;bin;rgs;gif;jpg;jpeg;jpe;resx;tiff;tif;png;wav;mfcribbon-ms</Extensions>
    </Filter>
    <Filter Include="lib">
      <UniqueIdentifier>{3f02e693-f205-4e7e-9afc-478dd7115ae7}</UniqueIdentifier>
    </Filter>
    <Filter Include="3thpart">
      <UniqueIdentifier>{0a834437-f794-4bad-bfe4-2e65810fd997}</UniqueIdentifier>
    </Filter>
    <Filter Include="lib\hid">
      <UniqueIdentifier>{50a5d61c-0d7c-4806-b08d-52dd5d28fd1a}</UniqueIdentifier>
    </Filter>
    <Filter Include="common">
      <UniqueIdentifier>{2364c1cd-d344-4f05-8f6e-7af8755319ef}</UniqueIdentifier>
    </Filter>
    <Filter Include="common\lpu230">
      <UniqueIdentifier>{ee3e7d13-4614-4263-a50f-93085d1e9f7e}</UniqueIdentifier>
    </Filter>
    <Filter Include="common\lpu230\config">
      <UniqueIdentifier>{6ea24b4b-73fe-4854-84bd-3fb24cb6e49e}</UniqueIdentifier>
    </Filter>
    <Filter Include="lib\usb">
      <UniqueIdentifier>{b1c1aa50-e532-45d9-bec4-6ff541a256da}</UniqueIdentifier>
    </Filter>
  </ItemGroup>
  <ItemGroup>
    <ClInclude Include="framework.h">
      <Filter>Header Files</Filter>
    </ClInclude>
    <ClInclude Include="pch.h">
      <Filter>Header Files</Filter>
    </ClInclude>
    <ClInclude Include="resource.h">
      <Filter>Header Files</Filter>
    </ClInclude>
    <ClInclude Include="..\shared\projects\dev_lib\inc\dev_lib.h">
      <Filter>Header Files</Filter>
    </ClInclude>
    <ClInclude Include="..\shared\lib\inc\mp_os_type.h">
      <Filter>lib</Filter>
    </ClInclude>
    <ClInclude Include="..\shared\lib\inc\mp_type.h">
      <Filter>lib</Filter>
    </ClInclude>
    <ClInclude Include="..\shared\3thpart\inc\hidapi.h">
      <Filter>3thpart</Filter>
    </ClInclude>
    <ClInclude Include="..\shared\3thpart\src\win\hidapi_winapi.h">
      <Filter>3thpart</Filter>
    </ClInclude>
    <ClInclude Include="..\shared\lib\inc\hid\_hid_api_briage.h">
      <Filter>lib\hid</Filter>
    </ClInclude>
    <ClInclude Include="..\shared\lib\inc\hid\_vhid_api_briage.h">
      <Filter>lib\hid</Filter>
    </ClInclude>
    <ClInclude Include="..\shared\lib\inc\hid\_vhid_info.h">
      <Filter>lib\hid</Filter>
    </ClInclude>
    <ClInclude Include="..\shared\lib\inc\hid\_vhid_info_lpu237.h">
      <Filter>lib\hid</Filter>
    </ClInclude>
    <ClInclude Include="..\shared\lib\inc\mp_elpusk.h">
      <Filter>lib</Filter>
    </ClInclude>
    <ClInclude Include="..\shared\common\inc\cprotocol_lpu237.h">
      <Filter>common</Filter>
    </ClInclude>
    <ClInclude Include="..\shared\common\inc\lpu230\compiler.h">
      <Filter>common\lpu230</Filter>
    </ClInclude>
    <ClInclude Include="..\shared\common\inc\lpu230\info_msr.h">
      <Filter>common\lpu230</Filter>
    </ClInclude>
    <ClInclude Include="..\shared\common\inc\lpu230\info_sys.h">
      <Filter>common\lpu230</Filter>
    </ClInclude>
    <ClInclude Include="..\shared\common\inc\lpu230\info_sys_cnst.h">
      <Filter>common\lpu230</Filter>
    </ClInclude>
    <ClInclude Include="..\shared\common\inc\lpu230\KBConst.h">
      <Filter>common\lpu230</Filter>
    </ClInclude>
    <ClInclude Include="..\shared\common\inc\lpu230\config\cfg_msrlib.h">
      <Filter>common\lpu230\config</Filter>
    </ClInclude>
    <ClInclude Include="..\shared\lib\inc\mp_cstring.h">
      <Filter>lib</Filter>
    </ClInclude>
    <ClInclude Include="..\..\..\local\libusb\out\include\libusb-1.0\libusb.h">
      <Filter>3thpart</Filter>
    </ClInclude>
    <ClInclude Include="..\shared\lib\inc\usb\mp_clibusb.h">
      <Filter>lib\usb</Filter>
    </ClInclude>
    <ClInclude Include="..\shared\lib\inc\mp_clog.h">
      <Filter>lib</Filter>
    </ClInclude>
    <ClInclude Include="..\shared\lib\inc\mp_cconvert.h">
      <Filter>lib</Filter>
    </ClInclude>
    <ClInclude Include="..\shared\lib\inc\mp_cfile.h">
      <Filter>lib</Filter>
    </ClInclude>
    <ClInclude Include="..\shared\lib\inc\mp_cnamed_pipe_.h">
      <Filter>lib</Filter>
    </ClInclude>
    <ClInclude Include="..\shared\lib\inc\mp_coperation.h">
      <Filter>lib</Filter>
    </ClInclude>
    <ClInclude Include="..\shared\lib\inc\mp_cversion.h">
      <Filter>lib</Filter>
    </ClInclude>
    <ClInclude Include="..\shared\lib\inc\mp_icprotocol.h">
      <Filter>lib</Filter>
    </ClInclude>
    <ClInclude Include="..\shared\common\inc\ckey_map.h">
      <Filter>common</Filter>
    </ClInclude>
    <ClInclude Include="..\shared\lib\inc\mp_cwait.h">
      <Filter>lib</Filter>
    </ClInclude>
    <ClInclude Include="..\shared\lib\inc\mp_cqueue.h">
      <Filter>lib</Filter>
    </ClInclude>
  </ItemGroup>
  <ItemGroup>
    <ClCompile Include="dllmain.cpp">
      <Filter>Source Files</Filter>
    </ClCompile>
    <ClCompile Include="pch.cpp">
      <Filter>Source Files</Filter>
    </ClCompile>
    <ClCompile Include="..\shared\projects\dev_lib\src\dev_lib.cpp">
      <Filter>Source Files</Filter>
    </ClCompile>
    <ClCompile Include="..\shared\3thpart\src\win\hid.c">
      <Filter>3thpart</Filter>
    </ClCompile>
    <ClCompile Include="..\shared\lib\src\hid\_hid_api_briage.cpp">
      <Filter>lib\hid</Filter>
    </ClCompile>
    <ClCompile Include="..\shared\lib\src\hid\_vhid_api_briage.cpp">
      <Filter>lib\hid</Filter>
    </ClCompile>
    <ClCompile Include="..\shared\lib\inc\mp_cnamed_pipe_.cpp">
      <Filter>lib</Filter>
    </ClCompile>
  </ItemGroup>
  <ItemGroup>
    <ResourceCompile Include="wi_dev_lib.rc">
      <Filter>Resource Files</Filter>
    </ResourceCompile>
  </ItemGroup>
  <ItemGroup>
    <None Include="dev_lib.def">
      <Filter>Source Files</Filter>
    </None>
  </ItemGroup>
</Project>