# This file is automatically @generated by Cargo.
# It is not intended for manual editing.
version = 4

[[package]]
name = "ibutton-mcp"
version = "0.1.0"
dependencies = [
 "lpu237-common",
 "tg-lpu237-ibutton",
]

[[package]]
name = "lpu237-common"
version = "0.1.0"

[[package]]
name = "msr-mcp"
version = "0.1.0"
dependencies = [
 "lpu237-common",
 "tg-lpu237-dll",
]

[[package]]
name = "tg-lpu237-dll"
version = "0.1.0"
dependencies = [
 "lpu237-common",
]

[[package]]
name = "tg-lpu237-ibutton"
version = "0.1.0"
dependencies = [
 "lpu237-common",
]
