<?xml version="1.0" encoding="utf-8"?>
<Project ToolsVersion="4.0" xmlns="http://schemas.microsoft.com/developer/msbuild/2003">
  <ItemGroup>
    <Filter Include="소스 파일">
      <UniqueIdentifier>{4FC737F1-C7A5-4376-A066-2A32D752A2FF}</UniqueIdentifier>
      <Extensions>cpp;c;cc;cxx;def;odl;idl;hpj;bat;asm;asmx</Extensions>
    </Filter>
    <Filter Include="헤더 파일">
      <UniqueIdentifier>{93995380-89BD-4b04-88EB-625FBE52EBFB}</UniqueIdentifier>
      <Extensions>h;hpp;hxx;hm;inl;inc;xsd</Extensions>
    </Filter>
    <Filter Include="리소스 파일">
      <UniqueIdentifier>{67DA6AB6-F800-4c08-8B7A-83BB121AAD01}</UniqueIdentifier>
      <Extensions>rc;ico;cur;bmp;dlg;rc2;rct;bin;rgs;gif;jpg;jpeg;jpe;resx;tiff;tif;png;wav;mfcribbon-ms</Extensions>
    </Filter>
    <Filter Include="생성 파일">
      <UniqueIdentifier>{4ace917f-6215-4f69-a6c7-b141e3be5293}</UniqueIdentifier>
      <SourceControlFiles>False</SourceControlFiles>
    </Filter>
  </ItemGroup>
  <ItemGroup>
    <ClCompile Include="stdafx.cpp">
      <Filter>소스 파일</Filter>
    </ClCompile>
    <ClCompile Include="OposLpu230.cpp">
      <Filter>소스 파일</Filter>
    </ClCompile>
    <ClCompile Include="dllmain.cpp">
      <Filter>소스 파일</Filter>
    </ClCompile>
    <ClCompile Include="OposLpu230_i.c">
      <Filter>생성 파일</Filter>
    </ClCompile>
    <ClCompile Include="SoLpu230.cpp">
      <Filter>소스 파일</Filter>
    </ClCompile>
    <ClCompile Include="..\common\src\TTR_etc.cpp">
      <Filter>소스 파일</Filter>
    </ClCompile>
    <ClCompile Include="FireEvent.cpp">
      <Filter>소스 파일</Filter>
    </ClCompile>
    <ClCompile Include="RegControl.cpp">
      <Filter>소스 파일</Filter>
    </ClCompile>
    <ClCompile Include="Log.cpp">
      <Filter>소스 파일</Filter>
    </ClCompile>
    <ClCompile Include="DetectWnd.cpp">
      <Filter>소스 파일</Filter>
    </ClCompile>
    <ClCompile Include="SoMsr.cpp">
      <Filter>소스 파일</Filter>
    </ClCompile>
    <ClCompile Include="..\common\src\EL_Support.cpp">
      <Filter>소스 파일</Filter>
    </ClCompile>
    <ClCompile Include="IniFile.cpp">
      <Filter>소스 파일</Filter>
    </ClCompile>
    <ClCompile Include="GlobalVar.cpp">
      <Filter>소스 파일</Filter>
    </ClCompile>
    <ClCompile Include="Lpu237Dll.cpp">
      <Filter>소스 파일</Filter>
    </ClCompile>
    <ClCompile Include="DevUart.cpp">
      <Filter>소스 파일</Filter>
    </ClCompile>
    <ClCompile Include="..\common\src\TTR_Dev.cpp">
      <Filter>소스 파일</Filter>
    </ClCompile>
    <ClCompile Include="..\common\src\TTR_DevHid.cpp">
      <Filter>소스 파일</Filter>
    </ClCompile>
  </ItemGroup>
  <ItemGroup>
    <ClInclude Include="stdafx.h">
      <Filter>헤더 파일</Filter>
    </ClInclude>
    <ClInclude Include="targetver.h">
      <Filter>헤더 파일</Filter>
    </ClInclude>
    <ClInclude Include="Resource.h">
      <Filter>헤더 파일</Filter>
    </ClInclude>
    <ClInclude Include="dllmain.h">
      <Filter>헤더 파일</Filter>
    </ClInclude>
    <ClInclude Include="OposLpu230_i.h">
      <Filter>생성 파일</Filter>
    </ClInclude>
    <ClInclude Include="_ISoLpu230Events_CP.h">
      <Filter>헤더 파일</Filter>
    </ClInclude>
    <ClInclude Include="SoLpu230.h">
      <Filter>헤더 파일</Filter>
    </ClInclude>
    <ClInclude Include="..\common\inc\TTR_Dev.h">
      <Filter>헤더 파일</Filter>
    </ClInclude>
    <ClInclude Include="..\common\inc\TTR_DevHid.h">
      <Filter>헤더 파일</Filter>
    </ClInclude>
    <ClInclude Include="..\common\inc\TTR_etc.h">
      <Filter>헤더 파일</Filter>
    </ClInclude>
    <ClInclude Include="FireEvent.h">
      <Filter>헤더 파일</Filter>
    </ClInclude>
    <ClInclude Include="Sync.h">
      <Filter>헤더 파일</Filter>
    </ClInclude>
    <ClInclude Include="RegControl.h">
      <Filter>헤더 파일</Filter>
    </ClInclude>
    <ClInclude Include="Log.h">
      <Filter>헤더 파일</Filter>
    </ClInclude>
    <ClInclude Include="DetectWnd.h">
      <Filter>헤더 파일</Filter>
    </ClInclude>
    <ClInclude Include="SoMsr.h">
      <Filter>헤더 파일</Filter>
    </ClInclude>
    <ClInclude Include="..\common\inc\EL_Support.h">
      <Filter>헤더 파일</Filter>
    </ClInclude>
    <ClInclude Include="IniFile.h">
      <Filter>헤더 파일</Filter>
    </ClInclude>
    <ClInclude Include="GlobalVar.h">
      <Filter>헤더 파일</Filter>
    </ClInclude>
    <ClInclude Include="Lpu237Dll.h">
      <Filter>헤더 파일</Filter>
    </ClInclude>
    <ClInclude Include="tg_lpu237_dll.h">
      <Filter>헤더 파일</Filter>
    </ClInclude>
    <ClInclude Include="DevUart.h">
      <Filter>헤더 파일</Filter>
    </ClInclude>
  </ItemGroup>
  <ItemGroup>
    <ResourceCompile Include="OposLpu230.rc">
      <Filter>리소스 파일</Filter>
    </ResourceCompile>
  </ItemGroup>
  <ItemGroup>
    <None Include="ReadMe.txt" />
    <None Include="OposLpu230.rgs">
      <Filter>리소스 파일</Filter>
    </None>
    <None Include="OposLpu230.def">
      <Filter>소스 파일</Filter>
    </None>
    <None Include="SoLpu230.rgs">
      <Filter>리소스 파일</Filter>
    </None>
    <None Include="ClassDiagram1.cd" />
    <None Include="..\common\etc\OposLpu230.ini" />
  </ItemGroup>
  <ItemGroup>
    <Midl Include="OposLpu230.idl">
      <Filter>소스 파일</Filter>
    </Midl>
  </ItemGroup>
</Project>