<?xml version="1.0" encoding="utf-8"?>
<Project ToolsVersion="4.0" xmlns="http://schemas.microsoft.com/developer/msbuild/2003">
  <ItemGroup>
    <Filter Include="lib">
      <UniqueIdentifier>{3b917e10-9354-48dc-8e90-3afcc8834f89}</UniqueIdentifier>
    </Filter>
  </ItemGroup>
  <ItemGroup>
    <ClInclude Include="..\shared\lib\inc\mp_type.h">
      <Filter>lib</Filter>
    </ClInclude>
    <ClInclude Include="..\shared\lib\inc\mp_cconvert.h">
      <Filter>lib</Filter>
    </ClInclude>
    <ClInclude Include="..\shared\lib\inc\mp_cfile.h">
      <Filter>lib</Filter>
    </ClInclude>
    <ClInclude Include="..\shared\lib\inc\mp_clog.h">
      <Filter>lib</Filter>
    </ClInclude>
    <ClInclude Include="..\shared\lib\inc\mp_cnamed_pipe_.h">
      <Filter>lib</Filter>
    </ClInclude>
    <ClInclude Include="..\shared\lib\inc\mp_cstring.h">
      <Filter>lib</Filter>
    </ClInclude>
    <ClInclude Include="..\shared\lib\inc\mp_cwait.h">
      <Filter>lib</Filter>
    </ClInclude>
    <ClInclude Include="..\shared\lib\inc\mp_os_type.h">
      <Filter>lib</Filter>
    </ClInclude>
    <ClInclude Include="..\shared\lib\inc\mp_coperation.h" />
    <ClInclude Include="..\shared\projects\lpu230_update\cupdater.h" />
    <ClInclude Include="..\shared\lib\inc\mp_cversion.h">
      <Filter>lib</Filter>
    </ClInclude>
    <ClInclude Include="..\shared\projects\lpu230_update\update.h" />
    <ClInclude Include="..\shared\lib\inc\mp_coffee.h">
      <Filter>lib</Filter>
    </ClInclude>
    <ClInclude Include="..\shared\lib\inc\mp_coffee_path.h">
      <Filter>lib</Filter>
    </ClInclude>
  </ItemGroup>
  <ItemGroup>
    <ClCompile Include="..\shared\lib\inc\mp_cnamed_pipe_.cpp">
      <Filter>lib</Filter>
    </ClCompile>
    <ClCompile Include="..\shared\projects\lpu230_update\cupdater.cpp" />
    <ClCompile Include="..\shared\projects\lpu230_update\lpu230_update.cpp" />
    <ClCompile Include="..\shared\projects\lpu230_update\update.cpp" />
  </ItemGroup>
</Project>