<?xml version="1.0" encoding="utf-8"?>
<Project ToolsVersion="4.0" xmlns="http://schemas.microsoft.com/developer/msbuild/2003">
  <ItemGroup>
    <Filter Include="Header Files">
      <UniqueIdentifier>{d4997891-39d6-486b-bb0c-26e2f8f9dfcc}</UniqueIdentifier>
    </Filter>
    <Filter Include="Source Files">
      <UniqueIdentifier>{3fada26e-0f10-4b52-ac5f-3e00b787c6d4}</UniqueIdentifier>
    </Filter>
    <Filter Include="3thpart">
      <UniqueIdentifier>{9378c2a5-2314-4dd9-bad1-d2e43fe24f37}</UniqueIdentifier>
    </Filter>
    <Filter Include="lib">
      <UniqueIdentifier>{05c38ebd-009f-489a-a4dc-12aad6fd4d4c}</UniqueIdentifier>
    </Filter>
  </ItemGroup>
  <ItemGroup>
    <ClInclude Include="..\shared\projects\rom\inc\dllmain.h">
      <Filter>Header Files</Filter>
    </ClInclude>
    <ClInclude Include="..\shared\projects\rom\inc\tg_rom.h">
      <Filter>Header Files</Filter>
    </ClInclude>
    <ClInclude Include="..\shared\lib\inc\mp_os_type.h">
      <Filter>lib</Filter>
    </ClInclude>
    <ClInclude Include="..\shared\3thpart\inc\KISA_SHA256.h">
      <Filter>3thpart</Filter>
    </ClInclude>
  </ItemGroup>
  <ItemGroup>
    <ClCompile Include="..\shared\3thpart\src\KISA_SHA256.c">
      <Filter>3thpart</Filter>
    </ClCompile>
    <ClCompile Include="..\shared\projects\rom\dllmain.cpp">
      <Filter>Source Files</Filter>
    </ClCompile>
  </ItemGroup>
  <ItemGroup>
    <None Include="li_rom.ld" />
  </ItemGroup>
</Project>